{
<<<<<<< HEAD
  "name": "tp-git-emoji-converter",
=======
  "name": "tp-git-ascii-converter",
>>>>>>> c7d8182525544f3b4234e7b58509dcf6b37777b0
  "version": "1.0.0",
  "lockfileVersion": 3,
  "requires": true,
  "packages": {
    "": {
<<<<<<< HEAD
      "name": "tp-git-emoji-converter",
=======
      "name": "tp-git-ascii-converter",
>>>>>>> c7d8182525544f3b4234e7b58509dcf6b37777b0
      "version": "1.0.0",
      "license": "MIT",
      "devDependencies": {}
    }
  }
}
